
Microsoft Visual Studio Solution File, Format Version 12.00
# Visual Studio Version 16
VisualStudioVersion = 16.0.30204.135
MinimumVisualStudioVersion = 10.0.40219.1
Project("{FAE04EC0-301F-11D3-BF4B-00C04F79EFBC}") = "SolidCarRace", "SolidCarRace\SolidCarRace.csproj", "{587CEE9E-755C-4DC1-91B6-ABEE4A28C6D9}"
EndProject
Project("{FAE04EC0-301F-11D3-BF4B-00C04F79EFBC}") = "SolidCarRaceTest", "SolidCarRaceTest\SolidCarRaceTest.csproj", "{075F1E0C-27DF-4B79-9F00-AA987CB04772}"
EndProject
Global
	GlobalSection(SolutionConfigurationPlatforms) = preSolution
		Debug|Any CPU = Debug|Any CPU
		Release|Any CPU = Release|Any CPU
	EndGlobalSection
	GlobalSection(ProjectConfigurationPlatforms) = postSolution
		{587CEE9E-755C-4DC1-91B6-ABEE4A28C6D9}.Debug|Any CPU.ActiveCfg = Debug|Any CPU
		{587CEE9E-755C-4DC1-91B6-ABEE4A28C6D9}.Debug|Any CPU.Build.0 = Debug|Any CPU
		{587CEE9E-755C-4DC1-91B6-ABEE4A28C6D9}.Release|Any CPU.ActiveCfg = Release|Any CPU
		{587CEE9E-755C-4DC1-91B6-ABEE4A28C6D9}.Release|Any CPU.Build.0 = Release|Any CPU
		{075F1E0C-27DF-4B79-9F00-AA987CB04772}.Debug|Any CPU.ActiveCfg = Debug|Any CPU
		{075F1E0C-27DF-4B79-9F00-AA987CB04772}.Debug|Any CPU.Build.0 = Debug|Any CPU
		{075F1E0C-27DF-4B79-9F00-AA987CB04772}.Release|Any CPU.ActiveCfg = Release|Any CPU
		{075F1E0C-27DF-4B79-9F00-AA987CB04772}.Release|Any CPU.Build.0 = Release|Any CPU
	EndGlobalSection
	GlobalSection(SolutionProperties) = preSolution
		HideSolutionNode = FALSE
	EndGlobalSection
	GlobalSection(ExtensibilityGlobals) = postSolution
		SolutionGuid = {8DCBF521-8052-4FDE-BBCD-C6DF4F6142CD}
	EndGlobalSection
EndGlobal
